
Microsoft Visual Studio Solution File, Format Version 12.00
# Visual Studio Version 17
VisualStudioVersion = 17.5.002.0
MinimumVisualStudioVersion = 10.0.40219.1
Project("{9A19103F-16F7-4668-BE54-9A1E7A4F7556}") = "WarRogue", "WarRogue.csproj", "{19BDF7B9-2BDD-44C2-A3C4-064749DFBA32}"
EndProject
Global
	GlobalSection(SolutionConfigurationPlatforms) = preSolution
		Debug|Any CPU = Debug|Any CPU
		Release|Any CPU = Release|Any CPU
	EndGlobalSection
	GlobalSection(ProjectConfigurationPlatforms) = postSolution
		{19BDF7B9-2BDD-44C2-A3C4-064749DFBA32}.Debug|Any CPU.ActiveCfg = Debug|Any CPU
		{19BDF7B9-2BDD-44C2-A3C4-064749DFBA32}.Debug|Any CPU.Build.0 = Debug|Any CPU
		{19BDF7B9-2BDD-44C2-A3C4-064749DFBA32}.Release|Any CPU.ActiveCfg = Release|Any CPU
		{19BDF7B9-2BDD-44C2-A3C4-064749DFBA32}.Release|Any CPU.Build.0 = Release|Any CPU
	EndGlobalSection
	GlobalSection(SolutionProperties) = preSolution
		HideSolutionNode = FALSE
	EndGlobalSection
	GlobalSection(ExtensibilityGlobals) = postSolution
		SolutionGuid = {3C72B4DE-1615-4986-97E7-FE7437763C6B}
	EndGlobalSection
EndGlobal
